
Microsoft Visual Studio Solution File, Format Version 12.00
# Visual Studio Version 17
VisualStudioVersion = 17.11.35222.181
MinimumVisualStudioVersion = 10.0.40219.1
Project("{9A19103F-16F7-4668-BE54-9A1E7A4F7556}") = "ApplicationCore", "ApplicationCore\ApplicationCore.csproj", "{98514554-E534-4156-98C7-795F46B4F14E}"
EndProject
Project("{9A19103F-16F7-4668-BE54-9A1E7A4F7556}") = "Infrastructure", "Infrastructure\Infrastructure.csproj", "{485911C9-5701-44F5-8CC6-CCF88B608B67}"
EndProject
Project("{2150E333-8FDC-42A3-9474-1A3956D46DE8}") = "Solution Items", "Solution Items", "{F80A4C95-9290-4334-BBC3-1F27F387DC14}"
	ProjectSection(SolutionItems) = preProject
		.editorconfig = .editorconfig
		readme.md = readme.md
	EndProjectSection
EndProject
Project("{9A19103F-16F7-4668-BE54-9A1E7A4F7556}") = "Domain", "Domain\Domain.csproj", "{71828C3D-4412-45C6-AC8D-F2ECB39834A4}"
EndProject
Project("{2150E333-8FDC-42A3-9474-1A3956D46DE8}") = "APIs", "APIs", "{3554D07C-CFF6-4409-8E5D-8425DEF5081F}"
EndProject
Project("{9A19103F-16F7-4668-BE54-9A1E7A4F7556}") = "Catalog.Queries", "Catalog.Queries\Catalog.Queries.csproj", "{368D8DAD-76BF-4046-AA77-EF0BDA3D9C19}"
EndProject
Project("{9A19103F-16F7-4668-BE54-9A1E7A4F7556}") = "Catalog.Commands", "Catalog.Commands\Catalog.Commands.csproj", "{3BD8A938-9BB0-4EFC-A83E-B96F0FB387AF}"
EndProject
Global
	GlobalSection(SolutionConfigurationPlatforms) = preSolution
		Debug|Any CPU = Debug|Any CPU
		Release|Any CPU = Release|Any CPU
	EndGlobalSection
	GlobalSection(ProjectConfigurationPlatforms) = postSolution
		{98514554-E534-4156-98C7-795F46B4F14E}.Debug|Any CPU.ActiveCfg = Debug|Any CPU
		{98514554-E534-4156-98C7-795F46B4F14E}.Debug|Any CPU.Build.0 = Debug|Any CPU
		{98514554-E534-4156-98C7-795F46B4F14E}.Release|Any CPU.ActiveCfg = Release|Any CPU
		{98514554-E534-4156-98C7-795F46B4F14E}.Release|Any CPU.Build.0 = Release|Any CPU
		{485911C9-5701-44F5-8CC6-CCF88B608B67}.Debug|Any CPU.ActiveCfg = Debug|Any CPU
		{485911C9-5701-44F5-8CC6-CCF88B608B67}.Debug|Any CPU.Build.0 = Debug|Any CPU
		{485911C9-5701-44F5-8CC6-CCF88B608B67}.Release|Any CPU.ActiveCfg = Release|Any CPU
		{485911C9-5701-44F5-8CC6-CCF88B608B67}.Release|Any CPU.Build.0 = Release|Any CPU
		{71828C3D-4412-45C6-AC8D-F2ECB39834A4}.Debug|Any CPU.ActiveCfg = Debug|Any CPU
		{71828C3D-4412-45C6-AC8D-F2ECB39834A4}.Debug|Any CPU.Build.0 = Debug|Any CPU
		{71828C3D-4412-45C6-AC8D-F2ECB39834A4}.Release|Any CPU.ActiveCfg = Release|Any CPU
		{71828C3D-4412-45C6-AC8D-F2ECB39834A4}.Release|Any CPU.Build.0 = Release|Any CPU
		{368D8DAD-76BF-4046-AA77-EF0BDA3D9C19}.Debug|Any CPU.ActiveCfg = Debug|Any CPU
		{368D8DAD-76BF-4046-AA77-EF0BDA3D9C19}.Debug|Any CPU.Build.0 = Debug|Any CPU
		{368D8DAD-76BF-4046-AA77-EF0BDA3D9C19}.Release|Any CPU.ActiveCfg = Release|Any CPU
		{368D8DAD-76BF-4046-AA77-EF0BDA3D9C19}.Release|Any CPU.Build.0 = Release|Any CPU
		{3BD8A938-9BB0-4EFC-A83E-B96F0FB387AF}.Debug|Any CPU.ActiveCfg = Debug|Any CPU
		{3BD8A938-9BB0-4EFC-A83E-B96F0FB387AF}.Debug|Any CPU.Build.0 = Debug|Any CPU
		{3BD8A938-9BB0-4EFC-A83E-B96F0FB387AF}.Release|Any CPU.ActiveCfg = Release|Any CPU
		{3BD8A938-9BB0-4EFC-A83E-B96F0FB387AF}.Release|Any CPU.Build.0 = Release|Any CPU
	EndGlobalSection
	GlobalSection(SolutionProperties) = preSolution
		HideSolutionNode = FALSE
	EndGlobalSection
	GlobalSection(NestedProjects) = preSolution
		{368D8DAD-76BF-4046-AA77-EF0BDA3D9C19} = {3554D07C-CFF6-4409-8E5D-8425DEF5081F}
		{3BD8A938-9BB0-4EFC-A83E-B96F0FB387AF} = {3554D07C-CFF6-4409-8E5D-8425DEF5081F}
	EndGlobalSection
	GlobalSection(ExtensibilityGlobals) = postSolution
		SolutionGuid = {FF74334C-68F7-4390-AD40-F0A7DBFAE068}
	EndGlobalSection
EndGlobal
